
Microsoft Visual Studio Solution File, Format Version 12.00
# Visual Studio Version 17
VisualStudioVersion = 17.9.34701.34
MinimumVisualStudioVersion = 10.0.40219.1
Project("{FAE04EC0-301F-11D3-BF4B-00C04F79EFBC}") = "Models", "Models\Models.csproj", "{5D93F7F1-1F70-4153-8EDE-9C590818A92E}"
EndProject
Project("{FAE04EC0-301F-11D3-BF4B-00C04F79EFBC}") = "DAL", "DAL\DAL.csproj", "{D2DB0805-6670-489C-943B-DC0AB0469700}"
EndProject
Project("{FAE04EC0-301F-11D3-BF4B-00C04F79EFBC}") = "BLL", "BLL\BLL.csproj", "{E1575DFB-797D-4673-96A8-EFF42B9AF98E}"
EndProject
Project("{FAE04EC0-301F-11D3-BF4B-00C04F79EFBC}") = "Abstaction", "Abstaction\Abstaction.csproj", "{ADC155C2-51E6-4967-B3B3-F179C07A43E6}"
EndProject
Project("{FAE04EC0-301F-11D3-BF4B-00C04F79EFBC}") = "WebAPI", "WebAPI\WebAPI.csproj", "{8625D8BB-41E0-4E79-A87D-8FDB6CB2F5FC}"
EndProject
Global
	GlobalSection(SolutionConfigurationPlatforms) = preSolution
		Debug|Any CPU = Debug|Any CPU
		Release|Any CPU = Release|Any CPU
	EndGlobalSection
	GlobalSection(ProjectConfigurationPlatforms) = postSolution
		{5D93F7F1-1F70-4153-8EDE-9C590818A92E}.Debug|Any CPU.ActiveCfg = Debug|Any CPU
		{5D93F7F1-1F70-4153-8EDE-9C590818A92E}.Debug|Any CPU.Build.0 = Debug|Any CPU
		{5D93F7F1-1F70-4153-8EDE-9C590818A92E}.Release|Any CPU.ActiveCfg = Release|Any CPU
		{5D93F7F1-1F70-4153-8EDE-9C590818A92E}.Release|Any CPU.Build.0 = Release|Any CPU
		{D2DB0805-6670-489C-943B-DC0AB0469700}.Debug|Any CPU.ActiveCfg = Debug|Any CPU
		{D2DB0805-6670-489C-943B-DC0AB0469700}.Debug|Any CPU.Build.0 = Debug|Any CPU
		{D2DB0805-6670-489C-943B-DC0AB0469700}.Release|Any CPU.ActiveCfg = Release|Any CPU
		{D2DB0805-6670-489C-943B-DC0AB0469700}.Release|Any CPU.Build.0 = Release|Any CPU
		{E1575DFB-797D-4673-96A8-EFF42B9AF98E}.Debug|Any CPU.ActiveCfg = Debug|Any CPU
		{E1575DFB-797D-4673-96A8-EFF42B9AF98E}.Debug|Any CPU.Build.0 = Debug|Any CPU
		{E1575DFB-797D-4673-96A8-EFF42B9AF98E}.Release|Any CPU.ActiveCfg = Release|Any CPU
		{E1575DFB-797D-4673-96A8-EFF42B9AF98E}.Release|Any CPU.Build.0 = Release|Any CPU
		{ADC155C2-51E6-4967-B3B3-F179C07A43E6}.Debug|Any CPU.ActiveCfg = Debug|Any CPU
		{ADC155C2-51E6-4967-B3B3-F179C07A43E6}.Debug|Any CPU.Build.0 = Debug|Any CPU
		{ADC155C2-51E6-4967-B3B3-F179C07A43E6}.Release|Any CPU.ActiveCfg = Release|Any CPU
		{ADC155C2-51E6-4967-B3B3-F179C07A43E6}.Release|Any CPU.Build.0 = Release|Any CPU
		{8625D8BB-41E0-4E79-A87D-8FDB6CB2F5FC}.Debug|Any CPU.ActiveCfg = Debug|Any CPU
		{8625D8BB-41E0-4E79-A87D-8FDB6CB2F5FC}.Debug|Any CPU.Build.0 = Debug|Any CPU
		{8625D8BB-41E0-4E79-A87D-8FDB6CB2F5FC}.Release|Any CPU.ActiveCfg = Release|Any CPU
		{8625D8BB-41E0-4E79-A87D-8FDB6CB2F5FC}.Release|Any CPU.Build.0 = Release|Any CPU
	EndGlobalSection
	GlobalSection(SolutionProperties) = preSolution
		HideSolutionNode = FALSE
	EndGlobalSection
	GlobalSection(ExtensibilityGlobals) = postSolution
		SolutionGuid = {2CD5C98B-7BFA-4642-80B2-4D22E2AC2578}
	EndGlobalSection
EndGlobal
